
Microsoft Visual Studio Solution File, Format Version 12.00
# Visual Studio Version 17
VisualStudioVersion = 17.7.34202.233
MinimumVisualStudioVersion = 10.0.40219.1
Project("{8BC9CEB8-8B4A-11D0-8D11-00A0C91BC942}") = "my 2d platformer", "my 2d platformer.vcxproj", "{D4931EB8-0A58-4DC2-9AD8-8125B8DD935A}"
EndProject
Global
	GlobalSection(SolutionConfigurationPlatforms) = preSolution
		Debug|x64 = Debug|x64
		Debug|x86 = Debug|x86
		Release|x64 = Release|x64
		Release|x86 = Release|x86
	EndGlobalSection
	GlobalSection(ProjectConfigurationPlatforms) = postSolution
		{D4931EB8-0A58-4DC2-9AD8-8125B8DD935A}.Debug|x64.ActiveCfg = Debug|x64
		{D4931EB8-0A58-4DC2-9AD8-8125B8DD935A}.Debug|x64.Build.0 = Debug|x64
		{D4931EB8-0A58-4DC2-9AD8-8125B8DD935A}.Debug|x86.ActiveCfg = Debug|Win32
		{D4931EB8-0A58-4DC2-9AD8-8125B8DD935A}.Debug|x86.Build.0 = Debug|Win32
		{D4931EB8-0A58-4DC2-9AD8-8125B8DD935A}.Release|x64.ActiveCfg = Release|x64
		{D4931EB8-0A58-4DC2-9AD8-8125B8DD935A}.Release|x64.Build.0 = Release|x64
		{D4931EB8-0A58-4DC2-9AD8-8125B8DD935A}.Release|x86.ActiveCfg = Release|Win32
		{D4931EB8-0A58-4DC2-9AD8-8125B8DD935A}.Release|x86.Build.0 = Release|Win32
	EndGlobalSection
	GlobalSection(SolutionProperties) = preSolution
		HideSolutionNode = FALSE
	EndGlobalSection
	GlobalSection(ExtensibilityGlobals) = postSolution
		SolutionGuid = {4BDF0CC3-5708-4B93-9E25-B66CB88D55AF}
	EndGlobalSection
EndGlobal
